{
  "name": "datagrove_dart",
  "lockfileVersion": 2,
  "requires": true,
  "packages": {
    "": {
      "dependencies": {
        "code-mirror-themes": "^1.0.0",
        "frappe-charts": "^1.6.2",
        "yaml": "^2.1.1"
      }
    },
    "node_modules/code-mirror-themes": {
      "version": "1.0.0",
      "resolved": "https://registry.npmjs.org/code-mirror-themes/-/code-mirror-themes-1.0.0.tgz",
      "integrity": "sha512-Sp+EOrAu10cvNMf5W81KgdtqdBvOUNglhH826dVhK1MsLYjzQx9S8ISnu0nnKYwH1sb3w51TT+B6WM1Wuj4hxw=="
    },
    "node_modules/frappe-charts": {
      "version": "1.6.2",
      "resolved": "https://registry.npmjs.org/frappe-charts/-/frappe-charts-1.6.2.tgz",
      "integrity": "sha512-9TC3/+YVUi84yYoEbxFiSqu+1FQ5If/ydUNj6i8FRpwynd08t6a7RkS+IRJozAk6NfdL8/LVTTE1DUOjjKZZxg=="
    },
    "node_modules/yaml": {
      "version": "2.1.1",
      "resolved": "https://registry.npmjs.org/yaml/-/yaml-2.1.1.tgz",
      "integrity": "sha512-o96x3OPo8GjWeSLF+wOAbrPfhFOGY0W00GNaxCDv+9hkcDJEnev1yh8S7pgHF0ik6zc8sQLuL8hjHjJULZp8bw==",
      "engines": {
        "node": ">= 14"
      }
    }
  },
  "dependencies": {
    "code-mirror-themes": {
      "version": "1.0.0",
      "resolved": "https://registry.npmjs.org/code-mirror-themes/-/code-mirror-themes-1.0.0.tgz",
      "integrity": "sha512-Sp+EOrAu10cvNMf5W81KgdtqdBvOUNglhH826dVhK1MsLYjzQx9S8ISnu0nnKYwH1sb3w51TT+B6WM1Wuj4hxw=="
    },
    "frappe-charts": {
      "version": "1.6.2",
      "resolved": "https://registry.npmjs.org/frappe-charts/-/frappe-charts-1.6.2.tgz",
      "integrity": "sha512-9TC3/+YVUi84yYoEbxFiSqu+1FQ5If/ydUNj6i8FRpwynd08t6a7RkS+IRJozAk6NfdL8/LVTTE1DUOjjKZZxg=="
    },
    "yaml": {
      "version": "2.1.1",
      "resolved": "https://registry.npmjs.org/yaml/-/yaml-2.1.1.tgz",
      "integrity": "sha512-o96x3OPo8GjWeSLF+wOAbrPfhFOGY0W00GNaxCDv+9hkcDJEnev1yh8S7pgHF0ik6zc8sQLuL8hjHjJULZp8bw=="
    }
  }
}
